// !$*UTF8*$!
{
	archiveVersion = 1;
	classes = {
	};
	objectVersion = 50;
	objects = {

/* Begin PBXBuildFile section */
		F0209CD627012160008730EF /* AppDelegate.swift in Sources */ = {isa = PBXBuildFile; fileRef = F0209CD527012160008730EF /* AppDelegate.swift */; };
		F0209CD827012160008730EF /* SceneDelegate.swift in Sources */ = {isa = PBXBuildFile; fileRef = F0209CD727012160008730EF /* SceneDelegate.swift */; };
		F0209CDA27012160008730EF /* homeVC.swift in Sources */ = {isa = PBXBuildFile; fileRef = F0209CD927012160008730EF /* homeVC.swift */; };
		F0209CDD27012160008730EF /* Main.storyboard in Resources */ = {isa = PBXBuildFile; fileRef = F0209CDB27012160008730EF /* Main.storyboard */; };
		F0209CDF27012163008730EF /* Assets.xcassets in Resources */ = {isa = PBXBuildFile; fileRef = F0209CDE27012163008730EF /* Assets.xcassets */; };
		F0209CE227012163008730EF /* LaunchScreen.storyboard in Resources */ = {isa = PBXBuildFile; fileRef = F0209CE027012163008730EF /* LaunchScreen.storyboard */; };
		F0209CEF270123D5008730EF /* newsPostCell.swift in Sources */ = {isa = PBXBuildFile; fileRef = F0209CED270123D5008730EF /* newsPostCell.swift */; };
		F0209CF0270123D5008730EF /* newsPostCell.xib in Resources */ = {isa = PBXBuildFile; fileRef = F0209CEE270123D5008730EF /* newsPostCell.xib */; };
		F0209CF2270123E8008730EF /* Constants.swift in Sources */ = {isa = PBXBuildFile; fileRef = F0209CF1270123E8008730EF /* Constants.swift */; };
		F0209CF42701252D008730EF /* Post.swift in Sources */ = {isa = PBXBuildFile; fileRef = F0209CF32701252D008730EF /* Post.swift */; };
/* End PBXBuildFile section */

/* Begin PBXFileReference section */
		F0209CD227012160008730EF /* NewsAppRX.app */ = {isa = PBXFileReference; explicitFileType = wrapper.application; includeInIndex = 0; path = NewsAppRX.app; sourceTree = BUILT_PRODUCTS_DIR; };
		F0209CD527012160008730EF /* AppDelegate.swift */ = {isa = PBXFileReference; lastKnownFileType = sourcecode.swift; path = AppDelegate.swift; sourceTree = "<group>"; };
		F0209CD727012160008730EF /* SceneDelegate.swift */ = {isa = PBXFileReference; lastKnownFileType = sourcecode.swift; path = SceneDelegate.swift; sourceTree = "<group>"; };
		F0209CD927012160008730EF /* homeVC.swift */ = {isa = PBXFileReference; lastKnownFileType = sourcecode.swift; path = homeVC.swift; sourceTree = "<group>"; };
		F0209CDC27012160008730EF /* Base */ = {isa = PBXFileReference; lastKnownFileType = file.storyboard; name = Base; path = Base.lproj/Main.storyboard; sourceTree = "<group>"; };
		F0209CDE27012163008730EF /* Assets.xcassets */ = {isa = PBXFileReference; lastKnownFileType = folder.assetcatalog; path = Assets.xcassets; sourceTree = "<group>"; };
		F0209CE127012163008730EF /* Base */ = {isa = PBXFileReference; lastKnownFileType = file.storyboard; name = Base; path = Base.lproj/LaunchScreen.storyboard; sourceTree = "<group>"; };
		F0209CE327012163008730EF /* Info.plist */ = {isa = PBXFileReference; lastKnownFileType = text.plist.xml; path = Info.plist; sourceTree = "<group>"; };
		F0209CED270123D5008730EF /* newsPostCell.swift */ = {isa = PBXFileReference; lastKnownFileType = sourcecode.swift; path = newsPostCell.swift; sourceTree = "<group>"; };
		F0209CEE270123D5008730EF /* newsPostCell.xib */ = {isa = PBXFileReference; lastKnownFileType = file.xib; path = newsPostCell.xib; sourceTree = "<group>"; };
		F0209CF1270123E8008730EF /* Constants.swift */ = {isa = PBXFileReference; lastKnownFileType = sourcecode.swift; path = Constants.swift; sourceTree = "<group>"; };
		F0209CF32701252D008730EF /* Post.swift */ = {isa = PBXFileReference; lastKnownFileType = sourcecode.swift; path = Post.swift; sourceTree = "<group>"; };
/* End PBXFileReference section */

/* Begin PBXFrameworksBuildPhase section */
		F0209CCF27012160008730EF /* Frameworks */ = {
			isa = PBXFrameworksBuildPhase;
			buildActionMask = 2147483647;
			files = (
			);
			runOnlyForDeploymentPostprocessing = 0;
		};
/* End PBXFrameworksBuildPhase section */

/* Begin PBXGroup section */
		F0209CC927012160008730EF = {
			isa = PBXGroup;
			children = (
				F0209CD427012160008730EF /* NewsAppRX */,
				F0209CD327012160008730EF /* Products */,
			);
			sourceTree = "<group>";
		};
		F0209CD327012160008730EF /* Products */ = {
			isa = PBXGroup;
			children = (
				F0209CD227012160008730EF /* NewsAppRX.app */,
			);
			name = Products;
			sourceTree = "<group>";
		};
		F0209CD427012160008730EF /* NewsAppRX */ = {
			isa = PBXGroup;
			children = (
				F0209CEC270121FE008730EF /* Service */,
				F0209CEB270121F9008730EF /* Controller */,
				F0209CEA270121F1008730EF /* View */,
				F0209CE9270121EC008730EF /* Model */,
				F0209CD527012160008730EF /* AppDelegate.swift */,
				F0209CD727012160008730EF /* SceneDelegate.swift */,
				F0209CDE27012163008730EF /* Assets.xcassets */,
				F0209CE027012163008730EF /* LaunchScreen.storyboard */,
				F0209CE327012163008730EF /* Info.plist */,
				F0209CF1270123E8008730EF /* Constants.swift */,
			);
			path = NewsAppRX;
			sourceTree = "<group>";
		};
		F0209CE9270121EC008730EF /* Model */ = {
			isa = PBXGroup;
			children = (
				F0209CF32701252D008730EF /* Post.swift */,
			);
			path = Model;
			sourceTree = "<group>";
		};
		F0209CEA270121F1008730EF /* View */ = {
			isa = PBXGroup;
			children = (
				F0209CDB27012160008730EF /* Main.storyboard */,
				F0209CED270123D5008730EF /* newsPostCell.swift */,
				F0209CEE270123D5008730EF /* newsPostCell.xib */,
			);
			path = View;
			sourceTree = "<group>";
		};
		F0209CEB270121F9008730EF /* Controller */ = {
			isa = PBXGroup;
			children = (
				F0209CD927012160008730EF /* homeVC.swift */,
			);
			path = Controller;
			sourceTree = "<group>";
		};
		F0209CEC270121FE008730EF /* Service */ = {
			isa = PBXGroup;
			children = (
			);
			path = Service;
			sourceTree = "<group>";
		};
/* End PBXGroup section */

/* Begin PBXNativeTarget section */
		F0209CD127012160008730EF /* NewsAppRX */ = {
			isa = PBXNativeTarget;
			buildConfigurationList = F0209CE627012163008730EF /* Build configuration list for PBXNativeTarget "NewsAppRX" */;
			buildPhases = (
				F0209CCE27012160008730EF /* Sources */,
				F0209CCF27012160008730EF /* Frameworks */,
				F0209CD027012160008730EF /* Resources */,
			);
			buildRules = (
			);
			dependencies = (
			);
			name = NewsAppRX;
			productName = NewsAppRX;
			productReference = F0209CD227012160008730EF /* NewsAppRX.app */;
			productType = "com.apple.product-type.application";
		};
/* End PBXNativeTarget section */

/* Begin PBXProject section */
		F0209CCA27012160008730EF /* Project object */ = {
			isa = PBXProject;
			attributes = {
				LastSwiftUpdateCheck = 1250;
				LastUpgradeCheck = 1250;
				TargetAttributes = {
					F0209CD127012160008730EF = {
						CreatedOnToolsVersion = 12.5.1;
					};
				};
			};
			buildConfigurationList = F0209CCD27012160008730EF /* Build configuration list for PBXProject "NewsAppRX" */;
			compatibilityVersion = "Xcode 9.3";
			developmentRegion = en;
			hasScannedForEncodings = 0;
			knownRegions = (
				en,
				Base,
			);
			mainGroup = F0209CC927012160008730EF;
			productRefGroup = F0209CD327012160008730EF /* Products */;
			projectDirPath = "";
			projectRoot = "";
			targets = (
				F0209CD127012160008730EF /* NewsAppRX */,
			);
		};
/* End PBXProject section */

/* Begin PBXResourcesBuildPhase section */
		F0209CD027012160008730EF /* Resources */ = {
			isa = PBXResourcesBuildPhase;
			buildActionMask = 2147483647;
			files = (
				F0209CF0270123D5008730EF /* newsPostCell.xib in Resources */,
				F0209CE227012163008730EF /* LaunchScreen.storyboard in Resources */,
				F0209CDF27012163008730EF /* Assets.xcassets in Resources */,
				F0209CDD27012160008730EF /* Main.storyboard in Resources */,
			);
			runOnlyForDeploymentPostprocessing = 0;
		};
/* End PBXResourcesBuildPhase section */

/* Begin PBXSourcesBuildPhase section */
		F0209CCE27012160008730EF /* Sources */ = {
			isa = PBXSourcesBuildPhase;
			buildActionMask = 2147483647;
			files = (
				F0209CF2270123E8008730EF /* Constants.swift in Sources */,
				F0209CEF270123D5008730EF /* newsPostCell.swift in Sources */,
				F0209CDA27012160008730EF /* homeVC.swift in Sources */,
				F0209CF42701252D008730EF /* Post.swift in Sources */,
				F0209CD627012160008730EF /* AppDelegate.swift in Sources */,
				F0209CD827012160008730EF /* SceneDelegate.swift in Sources */,
			);
			runOnlyForDeploymentPostprocessing = 0;
		};
/* End PBXSourcesBuildPhase section */

/* Begin PBXVariantGroup section */
		F0209CDB27012160008730EF /* Main.storyboard */ = {
			isa = PBXVariantGroup;
			children = (
				F0209CDC27012160008730EF /* Base */,
			);
			name = Main.storyboard;
			sourceTree = "<group>";
		};
		F0209CE027012163008730EF /* LaunchScreen.storyboard */ = {
			isa = PBXVariantGroup;
			children = (
				F0209CE127012163008730EF /* Base */,
			);
			name = LaunchScreen.storyboard;
			sourceTree = "<group>";
		};
/* End PBXVariantGroup section */

/* Begin XCBuildConfiguration section */
		F0209CE427012163008730EF /* Debug */ = {
			isa = XCBuildConfiguration;
			buildSettings = {
				ALWAYS_SEARCH_USER_PATHS = NO;
				CLANG_ANALYZER_NONNULL = YES;
				CLANG_ANALYZER_NUMBER_OBJECT_CONVERSION = YES_AGGRESSIVE;
				CLANG_CXX_LANGUAGE_STANDARD = "gnu++14";
				CLANG_CXX_LIBRARY = "libc++";
				CLANG_ENABLE_MODULES = YES;
				CLANG_ENABLE_OBJC_ARC = YES;
				CLANG_ENABLE_OBJC_WEAK = YES;
				CLANG_WARN_BLOCK_CAPTURE_AUTORELEASING = YES;
				CLANG_WARN_BOOL_CONVERSION = YES;
				CLANG_WARN_COMMA = YES;
				CLANG_WARN_CONSTANT_CONVERSION = YES;
				CLANG_WARN_DEPRECATED_OBJC_IMPLEMENTATIONS = YES;
				CLANG_WARN_DIRECT_OBJC_ISA_USAGE = YES_ERROR;
				CLANG_WARN_DOCUMENTATION_COMMENTS = YES;
				CLANG_WARN_EMPTY_BODY = YES;
				CLANG_WARN_ENUM_CONVERSION = YES;
				CLANG_WARN_INFINITE_RECURSION = YES;
				CLANG_WARN_INT_CONVERSION = YES;
				CLANG_WARN_NON_LITERAL_NULL_CONVERSION = YES;
				CLANG_WARN_OBJC_IMPLICIT_RETAIN_SELF = YES;
				CLANG_WARN_OBJC_LITERAL_CONVERSION = YES;
				CLANG_WARN_OBJC_ROOT_CLASS = YES_ERROR;
				CLANG_WARN_QUOTED_INCLUDE_IN_FRAMEWORK_HEADER = YES;
				CLANG_WARN_RANGE_LOOP_ANALYSIS = YES;
				CLANG_WARN_STRICT_PROTOTYPES = YES;
				CLANG_WARN_SUSPICIOUS_MOVE = YES;
				CLANG_WARN_UNGUARDED_AVAILABILITY = YES_AGGRESSIVE;
				CLANG_WARN_UNREACHABLE_CODE = YES;
				CLANG_WARN__DUPLICATE_METHOD_MATCH = YES;
				COPY_PHASE_STRIP = NO;
				DEBUG_INFORMATION_FORMAT = dwarf;
				ENABLE_STRICT_OBJC_MSGSEND = YES;
				ENABLE_TESTABILITY = YES;
				GCC_C_LANGUAGE_STANDARD = gnu11;
				GCC_DYNAMIC_NO_PIC = NO;
				GCC_NO_COMMON_BLOCKS = YES;
				GCC_OPTIMIZATION_LEVEL = 0;
				GCC_PREPROCESSOR_DEFINITIONS = (
					"DEBUG=1",
					"$(inherited)",
				);
				GCC_WARN_64_TO_32_BIT_CONVERSION = YES;
				GCC_WARN_ABOUT_RETURN_TYPE = YES_ERROR;
				GCC_WARN_UNDECLARED_SELECTOR = YES;
				GCC_WARN_UNINITIALIZED_AUTOS = YES_AGGRESSIVE;
				GCC_WARN_UNUSED_FUNCTION = YES;
				GCC_WARN_UNUSED_VARIABLE = YES;
				IPHONEOS_DEPLOYMENT_TARGET = 14.5;
				MTL_ENABLE_DEBUG_INFO = INCLUDE_SOURCE;
				MTL_FAST_MATH = YES;
				ONLY_ACTIVE_ARCH = YES;
				SDKROOT = iphoneos;
				SWIFT_ACTIVE_COMPILATION_CONDITIONS = DEBUG;
				SWIFT_OPTIMIZATION_LEVEL = "-Onone";
			};
			name = Debug;
		};
		F0209CE527012163008730EF /* Release */ = {
			isa = XCBuildConfiguration;
			buildSettings = {
				ALWAYS_SEARCH_USER_PATHS = NO;
				CLANG_ANALYZER_NONNULL = YES;
				CLANG_ANALYZER_NUMBER_OBJECT_CONVERSION = YES_AGGRESSIVE;
				CLANG_CXX_LANGUAGE_STANDARD = "gnu++14";
				CLANG_CXX_LIBRARY = "libc++";
				CLANG_ENABLE_MODULES = YES;
				CLANG_ENABLE_OBJC_ARC = YES;
				CLANG_ENABLE_OBJC_WEAK = YES;
				CLANG_WARN_BLOCK_CAPTURE_AUTORELEASING = YES;
				CLANG_WARN_BOOL_CONVERSION = YES;
				CLANG_WARN_COMMA = YES;
				CLANG_WARN_CONSTANT_CONVERSION = YES;
				CLANG_WARN_DEPRECATED_OBJC_IMPLEMENTATIONS = YES;
				CLANG_WARN_DIRECT_OBJC_ISA_USAGE = YES_ERROR;
				CLANG_WARN_DOCUMENTATION_COMMENTS = YES;
				CLANG_WARN_EMPTY_BODY = YES;
				CLANG_WARN_ENUM_CONVERSION = YES;
				CLANG_WARN_INFINITE_RECURSION = YES;
				CLANG_WARN_INT_CONVERSION = YES;
				CLANG_WARN_NON_LITERAL_NULL_CONVERSION = YES;
				CLANG_WARN_OBJC_IMPLICIT_RETAIN_SELF = YES;
				CLANG_WARN_OBJC_LITERAL_CONVERSION = YES;
				CLANG_WARN_OBJC_ROOT_CLASS = YES_ERROR;
				CLANG_WARN_QUOTED_INCLUDE_IN_FRAMEWORK_HEADER = YES;
				CLANG_WARN_RANGE_LOOP_ANALYSIS = YES;
				CLANG_WARN_STRICT_PROTOTYPES = YES;
				CLANG_WARN_SUSPICIOUS_MOVE = YES;
				CLANG_WARN_UNGUARDED_AVAILABILITY = YES_AGGRESSIVE;
				CLANG_WARN_UNREACHABLE_CODE = YES;
				CLANG_WARN__DUPLICATE_METHOD_MATCH = YES;
				COPY_PHASE_STRIP = NO;
				DEBUG_INFORMATION_FORMAT = "dwarf-with-dsym";
				ENABLE_NS_ASSERTIONS = NO;
				ENABLE_STRICT_OBJC_MSGSEND = YES;
				GCC_C_LANGUAGE_STANDARD = gnu11;
				GCC_NO_COMMON_BLOCKS = YES;
				GCC_WARN_64_TO_32_BIT_CONVERSION = YES;
				GCC_WARN_ABOUT_RETURN_TYPE = YES_ERROR;
				GCC_WARN_UNDECLARED_SELECTOR = YES;
				GCC_WARN_UNINITIALIZED_AUTOS = YES_AGGRESSIVE;
				GCC_WARN_UNUSED_FUNCTION = YES;
				GCC_WARN_UNUSED_VARIABLE = YES;
				IPHONEOS_DEPLOYMENT_TARGET = 14.5;
				MTL_ENABLE_DEBUG_INFO = NO;
				MTL_FAST_MATH = YES;
				SDKROOT = iphoneos;
				SWIFT_COMPILATION_MODE = wholemodule;
				SWIFT_OPTIMIZATION_LEVEL = "-O";
				VALIDATE_PRODUCT = YES;
			};
			name = Release;
		};
		F0209CE727012163008730EF /* Debug */ = {
			isa = XCBuildConfiguration;
			buildSettings = {
				ASSETCATALOG_COMPILER_APPICON_NAME = AppIcon;
				ASSETCATALOG_COMPILER_GLOBAL_ACCENT_COLOR_NAME = AccentColor;
				CODE_SIGN_STYLE = Automatic;
				DEVELOPMENT_TEAM = BW6HZA663P;
				INFOPLIST_FILE = NewsAppRX/Info.plist;
				LD_RUNPATH_SEARCH_PATHS = (
					"$(inherited)",
					"@executable_path/Frameworks",
				);
				PRODUCT_BUNDLE_IDENTIFIER = Pluggin.NewsAppRX;
				PRODUCT_NAME = "$(TARGET_NAME)";
				SWIFT_VERSION = 5.0;
				TARGETED_DEVICE_FAMILY = "1,2";
			};
			name = Debug;
		};
		F0209CE827012163008730EF /* Release */ = {
			isa = XCBuildConfiguration;
			buildSettings = {
				ASSETCATALOG_COMPILER_APPICON_NAME = AppIcon;
				ASSETCATALOG_COMPILER_GLOBAL_ACCENT_COLOR_NAME = AccentColor;
				CODE_SIGN_STYLE = Automatic;
				DEVELOPMENT_TEAM = BW6HZA663P;
				INFOPLIST_FILE = NewsAppRX/Info.plist;
				LD_RUNPATH_SEARCH_PATHS = (
					"$(inherited)",
					"@executable_path/Frameworks",
				);
				PRODUCT_BUNDLE_IDENTIFIER = Pluggin.NewsAppRX;
				PRODUCT_NAME = "$(TARGET_NAME)";
				SWIFT_VERSION = 5.0;
				TARGETED_DEVICE_FAMILY = "1,2";
			};
			name = Release;
		};
/* End XCBuildConfiguration section */

/* Begin XCConfigurationList section */
		F0209CCD27012160008730EF /* Build configuration list for PBXProject "NewsAppRX" */ = {
			isa = XCConfigurationList;
			buildConfigurations = (
				F0209CE427012163008730EF /* Debug */,
				F0209CE527012163008730EF /* Release */,
			);
			defaultConfigurationIsVisible = 0;
			defaultConfigurationName = Release;
		};
		F0209CE627012163008730EF /* Build configuration list for PBXNativeTarget "NewsAppRX" */ = {
			isa = XCConfigurationList;
			buildConfigurations = (
				F0209CE727012163008730EF /* Debug */,
				F0209CE827012163008730EF /* Release */,
			);
			defaultConfigurationIsVisible = 0;
			defaultConfigurationName = Release;
		};
/* End XCConfigurationList section */
	};
	rootObject = F0209CCA27012160008730EF /* Project object */;
}
